// !$*UTF8*$!
{
	archiveVersion = 1;
	classes = {
	};
	objectVersion = 56;
	objects = {

/* Begin PBXBuildFile section */
		A45179532AAAA7430011DC2B /* ChangeUsernameView.swift in Sources */ = {isa = PBXBuildFile; fileRef = A45179522AAAA7430011DC2B /* ChangeUsernameView.swift */; };
		A45179572AAAAAF60011DC2B /* FileManager-DocumentsDirectory.swift in Sources */ = {isa = PBXBuildFile; fileRef = A45179562AAAAAF60011DC2B /* FileManager-DocumentsDirectory.swift */; };
		A45179592AABAADE0011DC2B /* GitHubFollower.swift in Sources */ = {isa = PBXBuildFile; fileRef = A45179582AABAADE0011DC2B /* GitHubFollower.swift */; };
		A4928EF02A9BE21800948B3E /* NetworkingTestApp.swift in Sources */ = {isa = PBXBuildFile; fileRef = A4928EEF2A9BE21800948B3E /* NetworkingTestApp.swift */; };
		A4928EF22A9BE21800948B3E /* ContentView.swift in Sources */ = {isa = PBXBuildFile; fileRef = A4928EF12A9BE21800948B3E /* ContentView.swift */; };
		A4928EF42A9BE21900948B3E /* Assets.xcassets in Resources */ = {isa = PBXBuildFile; fileRef = A4928EF32A9BE21900948B3E /* Assets.xcassets */; };
		A4928EF72A9BE21900948B3E /* Preview Assets.xcassets in Resources */ = {isa = PBXBuildFile; fileRef = A4928EF62A9BE21900948B3E /* Preview Assets.xcassets */; };
		A4928EFE2A9BE2D600948B3E /* GitHubUser.swift in Sources */ = {isa = PBXBuildFile; fileRef = A4928EFD2A9BE2D600948B3E /* GitHubUser.swift */; };
		A4928F022A9BE5F600948B3E /* GHError.swift in Sources */ = {isa = PBXBuildFile; fileRef = A4928F012A9BE5F600948B3E /* GHError.swift */; };
		A4928F042A9BE84000948B3E /* NetworkCalls.swift in Sources */ = {isa = PBXBuildFile; fileRef = A4928F032A9BE84000948B3E /* NetworkCalls.swift */; };
/* End PBXBuildFile section */

/* Begin PBXFileReference section */
		A45179522AAAA7430011DC2B /* ChangeUsernameView.swift */ = {isa = PBXFileReference; lastKnownFileType = sourcecode.swift; path = ChangeUsernameView.swift; sourceTree = "<group>"; };
		A45179562AAAAAF60011DC2B /* FileManager-DocumentsDirectory.swift */ = {isa = PBXFileReference; lastKnownFileType = sourcecode.swift; path = "FileManager-DocumentsDirectory.swift"; sourceTree = "<group>"; };
		A45179582AABAADE0011DC2B /* GitHubFollower.swift */ = {isa = PBXFileReference; lastKnownFileType = sourcecode.swift; path = GitHubFollower.swift; sourceTree = "<group>"; };
		A4928EEC2A9BE21800948B3E /* NetworkingTest.app */ = {isa = PBXFileReference; explicitFileType = wrapper.application; includeInIndex = 0; path = NetworkingTest.app; sourceTree = BUILT_PRODUCTS_DIR; };
		A4928EEF2A9BE21800948B3E /* NetworkingTestApp.swift */ = {isa = PBXFileReference; lastKnownFileType = sourcecode.swift; path = NetworkingTestApp.swift; sourceTree = "<group>"; };
		A4928EF12A9BE21800948B3E /* ContentView.swift */ = {isa = PBXFileReference; lastKnownFileType = sourcecode.swift; path = ContentView.swift; sourceTree = "<group>"; };
		A4928EF32A9BE21900948B3E /* Assets.xcassets */ = {isa = PBXFileReference; lastKnownFileType = folder.assetcatalog; path = Assets.xcassets; sourceTree = "<group>"; };
		A4928EF62A9BE21900948B3E /* Preview Assets.xcassets */ = {isa = PBXFileReference; lastKnownFileType = folder.assetcatalog; path = "Preview Assets.xcassets"; sourceTree = "<group>"; };
		A4928EFD2A9BE2D600948B3E /* GitHubUser.swift */ = {isa = PBXFileReference; lastKnownFileType = sourcecode.swift; path = GitHubUser.swift; sourceTree = "<group>"; };
		A4928F012A9BE5F600948B3E /* GHError.swift */ = {isa = PBXFileReference; lastKnownFileType = sourcecode.swift; path = GHError.swift; sourceTree = "<group>"; };
		A4928F032A9BE84000948B3E /* NetworkCalls.swift */ = {isa = PBXFileReference; lastKnownFileType = sourcecode.swift; path = NetworkCalls.swift; sourceTree = "<group>"; };
/* End PBXFileReference section */

/* Begin PBXFrameworksBuildPhase section */
		A4928EE92A9BE21800948B3E /* Frameworks */ = {
			isa = PBXFrameworksBuildPhase;
			buildActionMask = 2147483647;
			files = (
			);
			runOnlyForDeploymentPostprocessing = 0;
		};
/* End PBXFrameworksBuildPhase section */

/* Begin PBXGroup section */
		A4928EE32A9BE21800948B3E = {
			isa = PBXGroup;
			children = (
				A45179582AABAADE0011DC2B /* GitHubFollower.swift */,
				A4928EEE2A9BE21800948B3E /* NetworkingTest */,
				A4928EED2A9BE21800948B3E /* Products */,
			);
			sourceTree = "<group>";
		};
		A4928EED2A9BE21800948B3E /* Products */ = {
			isa = PBXGroup;
			children = (
				A4928EEC2A9BE21800948B3E /* NetworkingTest.app */,
			);
			name = Products;
			sourceTree = "<group>";
		};
		A4928EEE2A9BE21800948B3E /* NetworkingTest */ = {
			isa = PBXGroup;
			children = (
				A4928EEF2A9BE21800948B3E /* NetworkingTestApp.swift */,
				A4928EF12A9BE21800948B3E /* ContentView.swift */,
				A45179522AAAA7430011DC2B /* ChangeUsernameView.swift */,
				A4928F032A9BE84000948B3E /* NetworkCalls.swift */,
				A4928F012A9BE5F600948B3E /* GHError.swift */,
				A4928EFD2A9BE2D600948B3E /* GitHubUser.swift */,
				A45179562AAAAAF60011DC2B /* FileManager-DocumentsDirectory.swift */,
				A4928EF32A9BE21900948B3E /* Assets.xcassets */,
				A4928EF52A9BE21900948B3E /* Preview Content */,
			);
			path = NetworkingTest;
			sourceTree = "<group>";
		};
		A4928EF52A9BE21900948B3E /* Preview Content */ = {
			isa = PBXGroup;
			children = (
				A4928EF62A9BE21900948B3E /* Preview Assets.xcassets */,
			);
			path = "Preview Content";
			sourceTree = "<group>";
		};
/* End PBXGroup section */

/* Begin PBXNativeTarget section */
		A4928EEB2A9BE21800948B3E /* NetworkingTest */ = {
			isa = PBXNativeTarget;
			buildConfigurationList = A4928EFA2A9BE21900948B3E /* Build configuration list for PBXNativeTarget "NetworkingTest" */;
			buildPhases = (
				A4928EE82A9BE21800948B3E /* Sources */,
				A4928EE92A9BE21800948B3E /* Frameworks */,
				A4928EEA2A9BE21800948B3E /* Resources */,
			);
			buildRules = (
			);
			dependencies = (
			);
			name = NetworkingTest;
			productName = NetworkingTest;
			productReference = A4928EEC2A9BE21800948B3E /* NetworkingTest.app */;
			productType = "com.apple.product-type.application";
		};
/* End PBXNativeTarget section */

/* Begin PBXProject section */
		A4928EE42A9BE21800948B3E /* Project object */ = {
			isa = PBXProject;
			attributes = {
				BuildIndependentTargetsInParallel = 1;
				LastSwiftUpdateCheck = 1430;
				LastUpgradeCheck = 1430;
				TargetAttributes = {
					A4928EEB2A9BE21800948B3E = {
						CreatedOnToolsVersion = 14.3.1;
					};
				};
			};
			buildConfigurationList = A4928EE72A9BE21800948B3E /* Build configuration list for PBXProject "NetworkingTest" */;
			compatibilityVersion = "Xcode 14.0";
			developmentRegion = en;
			hasScannedForEncodings = 0;
			knownRegions = (
				en,
				Base,
			);
			mainGroup = A4928EE32A9BE21800948B3E;
			productRefGroup = A4928EED2A9BE21800948B3E /* Products */;
			projectDirPath = "";
			projectRoot = "";
			targets = (
				A4928EEB2A9BE21800948B3E /* NetworkingTest */,
			);
		};
/* End PBXProject section */

/* Begin PBXResourcesBuildPhase section */
		A4928EEA2A9BE21800948B3E /* Resources */ = {
			isa = PBXResourcesBuildPhase;
			buildActionMask = 2147483647;
			files = (
				A4928EF72A9BE21900948B3E /* Preview Assets.xcassets in Resources */,
				A4928EF42A9BE21900948B3E /* Assets.xcassets in Resources */,
			);
			runOnlyForDeploymentPostprocessing = 0;
		};
/* End PBXResourcesBuildPhase section */

/* Begin PBXSourcesBuildPhase section */
		A4928EE82A9BE21800948B3E /* Sources */ = {
			isa = PBXSourcesBuildPhase;
			buildActionMask = 2147483647;
			files = (
				A4928EFE2A9BE2D600948B3E /* GitHubUser.swift in Sources */,
				A4928F022A9BE5F600948B3E /* GHError.swift in Sources */,
				A4928EF22A9BE21800948B3E /* ContentView.swift in Sources */,
				A4928EF02A9BE21800948B3E /* NetworkingTestApp.swift in Sources */,
				A45179592AABAADE0011DC2B /* GitHubFollower.swift in Sources */,
				A45179532AAAA7430011DC2B /* ChangeUsernameView.swift in Sources */,
				A4928F042A9BE84000948B3E /* NetworkCalls.swift in Sources */,
				A45179572AAAAAF60011DC2B /* FileManager-DocumentsDirectory.swift in Sources */,
			);
			runOnlyForDeploymentPostprocessing = 0;
		};
/* End PBXSourcesBuildPhase section */

/* Begin XCBuildConfiguration section */
		A4928EF82A9BE21900948B3E /* Debug */ = {
			isa = XCBuildConfiguration;
			buildSettings = {
				ALWAYS_SEARCH_USER_PATHS = NO;
				CLANG_ANALYZER_NONNULL = YES;
				CLANG_ANALYZER_NUMBER_OBJECT_CONVERSION = YES_AGGRESSIVE;
				CLANG_CXX_LANGUAGE_STANDARD = "gnu++20";
				CLANG_ENABLE_MODULES = YES;
				CLANG_ENABLE_OBJC_ARC = YES;
				CLANG_ENABLE_OBJC_WEAK = YES;
				CLANG_WARN_BLOCK_CAPTURE_AUTORELEASING = YES;
				CLANG_WARN_BOOL_CONVERSION = YES;
				CLANG_WARN_COMMA = YES;
				CLANG_WARN_CONSTANT_CONVERSION = YES;
				CLANG_WARN_DEPRECATED_OBJC_IMPLEMENTATIONS = YES;
				CLANG_WARN_DIRECT_OBJC_ISA_USAGE = YES_ERROR;
				CLANG_WARN_DOCUMENTATION_COMMENTS = YES;
				CLANG_WARN_EMPTY_BODY = YES;
				CLANG_WARN_ENUM_CONVERSION = YES;
				CLANG_WARN_INFINITE_RECURSION = YES;
				CLANG_WARN_INT_CONVERSION = YES;
				CLANG_WARN_NON_LITERAL_NULL_CONVERSION = YES;
				CLANG_WARN_OBJC_IMPLICIT_RETAIN_SELF = YES;
				CLANG_WARN_OBJC_LITERAL_CONVERSION = YES;
				CLANG_WARN_OBJC_ROOT_CLASS = YES_ERROR;
				CLANG_WARN_QUOTED_INCLUDE_IN_FRAMEWORK_HEADER = YES;
				CLANG_WARN_RANGE_LOOP_ANALYSIS = YES;
				CLANG_WARN_STRICT_PROTOTYPES = YES;
				CLANG_WARN_SUSPICIOUS_MOVE = YES;
				CLANG_WARN_UNGUARDED_AVAILABILITY = YES_AGGRESSIVE;
				CLANG_WARN_UNREACHABLE_CODE = YES;
				CLANG_WARN__DUPLICATE_METHOD_MATCH = YES;
				COPY_PHASE_STRIP = NO;
				DEBUG_INFORMATION_FORMAT = dwarf;
				ENABLE_STRICT_OBJC_MSGSEND = YES;
				ENABLE_TESTABILITY = YES;
				GCC_C_LANGUAGE_STANDARD = gnu11;
				GCC_DYNAMIC_NO_PIC = NO;
				GCC_NO_COMMON_BLOCKS = YES;
				GCC_OPTIMIZATION_LEVEL = 0;
				GCC_PREPROCESSOR_DEFINITIONS = (
					"DEBUG=1",
					"$(inherited)",
				);
				GCC_WARN_64_TO_32_BIT_CONVERSION = YES;
				GCC_WARN_ABOUT_RETURN_TYPE = YES_ERROR;
				GCC_WARN_UNDECLARED_SELECTOR = YES;
				GCC_WARN_UNINITIALIZED_AUTOS = YES_AGGRESSIVE;
				GCC_WARN_UNUSED_FUNCTION = YES;
				GCC_WARN_UNUSED_VARIABLE = YES;
				IPHONEOS_DEPLOYMENT_TARGET = 16.4;
				MTL_ENABLE_DEBUG_INFO = INCLUDE_SOURCE;
				MTL_FAST_MATH = YES;
				ONLY_ACTIVE_ARCH = YES;
				SDKROOT = iphoneos;
				SWIFT_ACTIVE_COMPILATION_CONDITIONS = DEBUG;
				SWIFT_OPTIMIZATION_LEVEL = "-Onone";
			};
			name = Debug;
		};
		A4928EF92A9BE21900948B3E /* Release */ = {
			isa = XCBuildConfiguration;
			buildSettings = {
				ALWAYS_SEARCH_USER_PATHS = NO;
				CLANG_ANALYZER_NONNULL = YES;
				CLANG_ANALYZER_NUMBER_OBJECT_CONVERSION = YES_AGGRESSIVE;
				CLANG_CXX_LANGUAGE_STANDARD = "gnu++20";
				CLANG_ENABLE_MODULES = YES;
				CLANG_ENABLE_OBJC_ARC = YES;
				CLANG_ENABLE_OBJC_WEAK = YES;
				CLANG_WARN_BLOCK_CAPTURE_AUTORELEASING = YES;
				CLANG_WARN_BOOL_CONVERSION = YES;
				CLANG_WARN_COMMA = YES;
				CLANG_WARN_CONSTANT_CONVERSION = YES;
				CLANG_WARN_DEPRECATED_OBJC_IMPLEMENTATIONS = YES;
				CLANG_WARN_DIRECT_OBJC_ISA_USAGE = YES_ERROR;
				CLANG_WARN_DOCUMENTATION_COMMENTS = YES;
				CLANG_WARN_EMPTY_BODY = YES;
				CLANG_WARN_ENUM_CONVERSION = YES;
				CLANG_WARN_INFINITE_RECURSION = YES;
				CLANG_WARN_INT_CONVERSION = YES;
				CLANG_WARN_NON_LITERAL_NULL_CONVERSION = YES;
				CLANG_WARN_OBJC_IMPLICIT_RETAIN_SELF = YES;
				CLANG_WARN_OBJC_LITERAL_CONVERSION = YES;
				CLANG_WARN_OBJC_ROOT_CLASS = YES_ERROR;
				CLANG_WARN_QUOTED_INCLUDE_IN_FRAMEWORK_HEADER = YES;
				CLANG_WARN_RANGE_LOOP_ANALYSIS = YES;
				CLANG_WARN_STRICT_PROTOTYPES = YES;
				CLANG_WARN_SUSPICIOUS_MOVE = YES;
				CLANG_WARN_UNGUARDED_AVAILABILITY = YES_AGGRESSIVE;
				CLANG_WARN_UNREACHABLE_CODE = YES;
				CLANG_WARN__DUPLICATE_METHOD_MATCH = YES;
				COPY_PHASE_STRIP = NO;
				DEBUG_INFORMATION_FORMAT = "dwarf-with-dsym";
				ENABLE_NS_ASSERTIONS = NO;
				ENABLE_STRICT_OBJC_MSGSEND = YES;
				GCC_C_LANGUAGE_STANDARD = gnu11;
				GCC_NO_COMMON_BLOCKS = YES;
				GCC_WARN_64_TO_32_BIT_CONVERSION = YES;
				GCC_WARN_ABOUT_RETURN_TYPE = YES_ERROR;
				GCC_WARN_UNDECLARED_SELECTOR = YES;
				GCC_WARN_UNINITIALIZED_AUTOS = YES_AGGRESSIVE;
				GCC_WARN_UNUSED_FUNCTION = YES;
				GCC_WARN_UNUSED_VARIABLE = YES;
				IPHONEOS_DEPLOYMENT_TARGET = 16.4;
				MTL_ENABLE_DEBUG_INFO = NO;
				MTL_FAST_MATH = YES;
				SDKROOT = iphoneos;
				SWIFT_COMPILATION_MODE = wholemodule;
				SWIFT_OPTIMIZATION_LEVEL = "-O";
				VALIDATE_PRODUCT = YES;
			};
			name = Release;
		};
		A4928EFB2A9BE21900948B3E /* Debug */ = {
			isa = XCBuildConfiguration;
			buildSettings = {
				ASSETCATALOG_COMPILER_APPICON_NAME = AppIcon;
				ASSETCATALOG_COMPILER_GLOBAL_ACCENT_COLOR_NAME = AccentColor;
				CODE_SIGN_STYLE = Automatic;
				CURRENT_PROJECT_VERSION = 1;
				DEVELOPMENT_ASSET_PATHS = "\"NetworkingTest/Preview Content\"";
				DEVELOPMENT_TEAM = JK7SXFP9R2;
				ENABLE_PREVIEWS = YES;
				GENERATE_INFOPLIST_FILE = YES;
				INFOPLIST_KEY_UIApplicationSceneManifest_Generation = YES;
				INFOPLIST_KEY_UIApplicationSupportsIndirectInputEvents = YES;
				INFOPLIST_KEY_UILaunchScreen_Generation = YES;
				INFOPLIST_KEY_UISupportedInterfaceOrientations_iPad = "UIInterfaceOrientationPortrait UIInterfaceOrientationPortraitUpsideDown UIInterfaceOrientationLandscapeLeft UIInterfaceOrientationLandscapeRight";
				INFOPLIST_KEY_UISupportedInterfaceOrientations_iPhone = "UIInterfaceOrientationPortrait UIInterfaceOrientationLandscapeLeft UIInterfaceOrientationLandscapeRight";
				LD_RUNPATH_SEARCH_PATHS = (
					"$(inherited)",
					"@executable_path/Frameworks",
				);
				MARKETING_VERSION = 1.0;
				PRODUCT_BUNDLE_IDENTIFIER = Uriel.NetworkingTest;
				PRODUCT_NAME = "$(TARGET_NAME)";
				SWIFT_EMIT_LOC_STRINGS = YES;
				SWIFT_VERSION = 5.0;
				TARGETED_DEVICE_FAMILY = "1,2";
			};
			name = Debug;
		};
		A4928EFC2A9BE21900948B3E /* Release */ = {
			isa = XCBuildConfiguration;
			buildSettings = {
				ASSETCATALOG_COMPILER_APPICON_NAME = AppIcon;
				ASSETCATALOG_COMPILER_GLOBAL_ACCENT_COLOR_NAME = AccentColor;
				CODE_SIGN_STYLE = Automatic;
				CURRENT_PROJECT_VERSION = 1;
				DEVELOPMENT_ASSET_PATHS = "\"NetworkingTest/Preview Content\"";
				DEVELOPMENT_TEAM = JK7SXFP9R2;
				ENABLE_PREVIEWS = YES;
				GENERATE_INFOPLIST_FILE = YES;
				INFOPLIST_KEY_UIApplicationSceneManifest_Generation = YES;
				INFOPLIST_KEY_UIApplicationSupportsIndirectInputEvents = YES;
				INFOPLIST_KEY_UILaunchScreen_Generation = YES;
				INFOPLIST_KEY_UISupportedInterfaceOrientations_iPad = "UIInterfaceOrientationPortrait UIInterfaceOrientationPortraitUpsideDown UIInterfaceOrientationLandscapeLeft UIInterfaceOrientationLandscapeRight";
				INFOPLIST_KEY_UISupportedInterfaceOrientations_iPhone = "UIInterfaceOrientationPortrait UIInterfaceOrientationLandscapeLeft UIInterfaceOrientationLandscapeRight";
				LD_RUNPATH_SEARCH_PATHS = (
					"$(inherited)",
					"@executable_path/Frameworks",
				);
				MARKETING_VERSION = 1.0;
				PRODUCT_BUNDLE_IDENTIFIER = Uriel.NetworkingTest;
				PRODUCT_NAME = "$(TARGET_NAME)";
				SWIFT_EMIT_LOC_STRINGS = YES;
				SWIFT_VERSION = 5.0;
				TARGETED_DEVICE_FAMILY = "1,2";
			};
			name = Release;
		};
/* End XCBuildConfiguration section */

/* Begin XCConfigurationList section */
		A4928EE72A9BE21800948B3E /* Build configuration list for PBXProject "NetworkingTest" */ = {
			isa = XCConfigurationList;
			buildConfigurations = (
				A4928EF82A9BE21900948B3E /* Debug */,
				A4928EF92A9BE21900948B3E /* Release */,
			);
			defaultConfigurationIsVisible = 0;
			defaultConfigurationName = Release;
		};
		A4928EFA2A9BE21900948B3E /* Build configuration list for PBXNativeTarget "NetworkingTest" */ = {
			isa = XCConfigurationList;
			buildConfigurations = (
				A4928EFB2A9BE21900948B3E /* Debug */,
				A4928EFC2A9BE21900948B3E /* Release */,
			);
			defaultConfigurationIsVisible = 0;
			defaultConfigurationName = Release;
		};
/* End XCConfigurationList section */
	};
	rootObject = A4928EE42A9BE21800948B3E /* Project object */;
}
